
Microsoft Visual Studio Solution File, Format Version 12.00
Project("{2150E333-8FDC-42A3-9474-1A3956D46DE8}") = "Web", "Web", "{BB0133AB-DBDE-4011-9A13-327B2597A08E}"
EndProject
Project("{2150E333-8FDC-42A3-9474-1A3956D46DE8}") = "Data", "Data", "{89822F6A-F68D-4DE3-A280-E0BC20DBC88F}"
EndProject
Project("{FAE04EC0-301F-11D3-BF4B-00C04F79EFBC}") = "UsersChart.Data.Models", "Data\UsersChart.Data.Models\UsersChart.Data.Models.csproj", "{E08264D1-8A04-4ADE-9D73-294A0E6171E6}"
EndProject
Project("{FAE04EC0-301F-11D3-BF4B-00C04F79EFBC}") = "UsersChart.Data", "Data\UsersChart.Data\UsersChart.Data.csproj", "{C03F4A82-572C-431B-8149-345D053B5C54}"
EndProject
Project("{2150E333-8FDC-42A3-9474-1A3956D46DE8}") = "Client", "Client", "{78EB46A1-9932-4398-8BDF-A118296971F6}"
EndProject
Project("{FAE04EC0-301F-11D3-BF4B-00C04F79EFBC}") = "UserChart.Client", "Web\UserChart.Client\UserChart.Client.csproj", "{24A839DC-2ABC-4978-BDA7-A0A287869E38}"
EndProject
Project("{2150E333-8FDC-42A3-9474-1A3956D46DE8}") = "Services", "Services", "{45845751-BB54-4C7D-B994-3DA672181F5E}"
EndProject
Project("{FAE04EC0-301F-11D3-BF4B-00C04F79EFBC}") = "UserChart.Common.Data", "Services\UserChart.Common.Data\UserChart.Common.Data.csproj", "{FE9246BC-57E4-460E-8B09-B53B7E5CC119}"
EndProject
Project("{FAE04EC0-301F-11D3-BF4B-00C04F79EFBC}") = "UserChart.Business", "Services\UserChart.Business\UserChart.Business.csproj", "{665CE563-4E3F-4E6E-AA0A-E5508895DD63}"
EndProject
Project("{FAE04EC0-301F-11D3-BF4B-00C04F79EFBC}") = "UserChart.UI.Models", "Services\UserChart.UI.Models\UserChart.UI.Models.csproj", "{F52F5357-1A62-4F75-9786-EF1BEA5B0B89}"
EndProject
Global
	GlobalSection(SolutionConfigurationPlatforms) = preSolution
		Debug|Any CPU = Debug|Any CPU
		Release|Any CPU = Release|Any CPU
	EndGlobalSection
	GlobalSection(ProjectConfigurationPlatforms) = postSolution
		{E08264D1-8A04-4ADE-9D73-294A0E6171E6}.Debug|Any CPU.ActiveCfg = Debug|Any CPU
		{E08264D1-8A04-4ADE-9D73-294A0E6171E6}.Debug|Any CPU.Build.0 = Debug|Any CPU
		{E08264D1-8A04-4ADE-9D73-294A0E6171E6}.Release|Any CPU.ActiveCfg = Release|Any CPU
		{E08264D1-8A04-4ADE-9D73-294A0E6171E6}.Release|Any CPU.Build.0 = Release|Any CPU
		{C03F4A82-572C-431B-8149-345D053B5C54}.Debug|Any CPU.ActiveCfg = Debug|Any CPU
		{C03F4A82-572C-431B-8149-345D053B5C54}.Debug|Any CPU.Build.0 = Debug|Any CPU
		{C03F4A82-572C-431B-8149-345D053B5C54}.Release|Any CPU.ActiveCfg = Release|Any CPU
		{C03F4A82-572C-431B-8149-345D053B5C54}.Release|Any CPU.Build.0 = Release|Any CPU
		{24A839DC-2ABC-4978-BDA7-A0A287869E38}.Debug|Any CPU.ActiveCfg = Debug|Any CPU
		{24A839DC-2ABC-4978-BDA7-A0A287869E38}.Debug|Any CPU.Build.0 = Debug|Any CPU
		{24A839DC-2ABC-4978-BDA7-A0A287869E38}.Release|Any CPU.ActiveCfg = Release|Any CPU
		{24A839DC-2ABC-4978-BDA7-A0A287869E38}.Release|Any CPU.Build.0 = Release|Any CPU
		{FE9246BC-57E4-460E-8B09-B53B7E5CC119}.Debug|Any CPU.ActiveCfg = Debug|Any CPU
		{FE9246BC-57E4-460E-8B09-B53B7E5CC119}.Debug|Any CPU.Build.0 = Debug|Any CPU
		{FE9246BC-57E4-460E-8B09-B53B7E5CC119}.Release|Any CPU.ActiveCfg = Release|Any CPU
		{FE9246BC-57E4-460E-8B09-B53B7E5CC119}.Release|Any CPU.Build.0 = Release|Any CPU
		{665CE563-4E3F-4E6E-AA0A-E5508895DD63}.Debug|Any CPU.ActiveCfg = Debug|Any CPU
		{665CE563-4E3F-4E6E-AA0A-E5508895DD63}.Debug|Any CPU.Build.0 = Debug|Any CPU
		{665CE563-4E3F-4E6E-AA0A-E5508895DD63}.Release|Any CPU.ActiveCfg = Release|Any CPU
		{665CE563-4E3F-4E6E-AA0A-E5508895DD63}.Release|Any CPU.Build.0 = Release|Any CPU
		{F52F5357-1A62-4F75-9786-EF1BEA5B0B89}.Debug|Any CPU.ActiveCfg = Debug|Any CPU
		{F52F5357-1A62-4F75-9786-EF1BEA5B0B89}.Debug|Any CPU.Build.0 = Debug|Any CPU
		{F52F5357-1A62-4F75-9786-EF1BEA5B0B89}.Release|Any CPU.ActiveCfg = Release|Any CPU
		{F52F5357-1A62-4F75-9786-EF1BEA5B0B89}.Release|Any CPU.Build.0 = Release|Any CPU
	EndGlobalSection
	GlobalSection(NestedProjects) = preSolution
		{E08264D1-8A04-4ADE-9D73-294A0E6171E6} = {89822F6A-F68D-4DE3-A280-E0BC20DBC88F}
		{C03F4A82-572C-431B-8149-345D053B5C54} = {89822F6A-F68D-4DE3-A280-E0BC20DBC88F}
		{78EB46A1-9932-4398-8BDF-A118296971F6} = {BB0133AB-DBDE-4011-9A13-327B2597A08E}
		{24A839DC-2ABC-4978-BDA7-A0A287869E38} = {78EB46A1-9932-4398-8BDF-A118296971F6}
		{FE9246BC-57E4-460E-8B09-B53B7E5CC119} = {45845751-BB54-4C7D-B994-3DA672181F5E}
		{665CE563-4E3F-4E6E-AA0A-E5508895DD63} = {45845751-BB54-4C7D-B994-3DA672181F5E}
		{F52F5357-1A62-4F75-9786-EF1BEA5B0B89} = {45845751-BB54-4C7D-B994-3DA672181F5E}
	EndGlobalSection
EndGlobal
